
Microsoft Visual Studio Solution File, Format Version 11.00
# Visual Studio 2010
# SharpDevelop 5.2
Project("{EAD1E85F-CEF5-4861-AFF8-597F2DDE70FC}") = "IEC61499", "IEC61499\IEC61499.dfbproj", "{44893599-B978-4911-8277-189414236FBB}"
EndProject
Project("{72AEB29F-A91B-8B3D-40ED-1C96841A14A3}") = "HwConfiguration", "HwConfiguration\HwConfiguration.hwconfigproj", "{EEB3662E-EF21-4C08-91E2-F4B24D88B6CC}"
EndProject
Project("{E25C2A81-DD87-490C-A304-820B0BA163F2}") = "AssetLinkData", "AssetLinkData\AssetLinkData.assetLinkDataproj", "{AF3FF701-4CE1-4263-8C91-4A73AD79F2B7}"
EndProject
Project("{B8625A29-8134-4135-BEBD-5371646CD051}") = "TopologyManager", "Topology\TopologyManager.topologyproj", "{8EA06851-2B0A-4FAA-9ABE-A1AEA2996FDF}"
EndProject
Project("{FAE04EC0-301F-11D3-BF4B-00C04F79EFBC}") = "HMI", "HMI\HMI.csproj", "{8DE8F5C8-E281-4202-84FD-BB0D32DFD33F}"
EndProject
Global
	GlobalSection(SolutionConfigurationPlatforms) = preSolution
		Debug|Windows = Debug|Windows
		Release|Windows = Release|Windows
	EndGlobalSection
	GlobalSection(ProjectConfigurationPlatforms) = postSolution
		{44893599-B978-4911-8277-189414236FBB}.Debug|Windows.ActiveCfg = Debug|Windows
		{44893599-B978-4911-8277-189414236FBB}.Debug|Windows.Build.0 = Debug|Windows
		{44893599-B978-4911-8277-189414236FBB}.Release|Windows.ActiveCfg = Release|Windows
		{44893599-B978-4911-8277-189414236FBB}.Release|Windows.Build.0 = Release|Windows
		{EEB3662E-EF21-4C08-91E2-F4B24D88B6CC}.Debug|Windows.ActiveCfg = Debug|Windows
		{EEB3662E-EF21-4C08-91E2-F4B24D88B6CC}.Debug|Windows.Build.0 = Debug|Windows
		{EEB3662E-EF21-4C08-91E2-F4B24D88B6CC}.Release|Windows.ActiveCfg = Release|Windows
		{EEB3662E-EF21-4C08-91E2-F4B24D88B6CC}.Release|Windows.Build.0 = Release|Windows
		{AF3FF701-4CE1-4263-8C91-4A73AD79F2B7}.Debug|Windows.ActiveCfg = Debug|Windows
		{AF3FF701-4CE1-4263-8C91-4A73AD79F2B7}.Debug|Windows.Build.0 = Debug|Windows
		{AF3FF701-4CE1-4263-8C91-4A73AD79F2B7}.Release|Windows.ActiveCfg = Release|Windows
		{AF3FF701-4CE1-4263-8C91-4A73AD79F2B7}.Release|Windows.Build.0 = Release|Windows
		{8EA06851-2B0A-4FAA-9ABE-A1AEA2996FDF}.Debug|Windows.ActiveCfg = Debug|Windows
		{8EA06851-2B0A-4FAA-9ABE-A1AEA2996FDF}.Debug|Windows.Build.0 = Debug|Windows
		{8EA06851-2B0A-4FAA-9ABE-A1AEA2996FDF}.Release|Windows.ActiveCfg = Release|Windows
		{8EA06851-2B0A-4FAA-9ABE-A1AEA2996FDF}.Release|Windows.Build.0 = Release|Windows
		{8DE8F5C8-E281-4202-84FD-BB0D32DFD33F}.Debug|Windows.ActiveCfg = Debug|Windows
		{8DE8F5C8-E281-4202-84FD-BB0D32DFD33F}.Debug|Windows.Build.0 = Debug|Windows
		{8DE8F5C8-E281-4202-84FD-BB0D32DFD33F}.Release|Windows.ActiveCfg = Release|Windows
		{8DE8F5C8-E281-4202-84FD-BB0D32DFD33F}.Release|Windows.Build.0 = Release|Windows
	EndGlobalSection
EndGlobal
